<?xml version="1.0" encoding="utf-8"?>
<Project ToolsVersion="4.0" xmlns="http://schemas.microsoft.com/developer/msbuild/2003">
  <ItemGroup>
    <Filter Include="소스 파일">
      <UniqueIdentifier>{4FC737F1-C7A5-4376-A066-2A32D752A2FF}</UniqueIdentifier>
      <Extensions>cpp;c;cc;cxx;def;odl;idl;hpj;bat;asm;asmx</Extensions>
    </Filter>
    <Filter Include="헤더 파일">
      <UniqueIdentifier>{93995380-89BD-4b04-88EB-625FBE52EBFB}</UniqueIdentifier>
      <Extensions>h;hh;hpp;hxx;hm;inl;inc;xsd</Extensions>
    </Filter>
    <Filter Include="리소스 파일">
      <UniqueIdentifier>{67DA6AB6-F800-4c08-8B7A-83BB121AAD01}</UniqueIdentifier>
      <Extensions>rc;ico;cur;bmp;dlg;rc2;rct;bin;rgs;gif;jpg;jpeg;jpe;resx;tiff;tif;png;wav;mfcribbon-ms</Extensions>
    </Filter>
    <Filter Include="Base">
      <UniqueIdentifier>{a858357a-437c-4adf-b85d-41d5470dbc8a}</UniqueIdentifier>
    </Filter>
    <Filter Include="Delegate">
      <UniqueIdentifier>{5fb9249f-03e2-4940-885f-7b6d2226838b}</UniqueIdentifier>
    </Filter>
  </ItemGroup>
  <ItemGroup>
    <Text Include="ReadMe.txt" />
    <Text Include="Delegate\definition.txt">
      <Filter>Delegate</Filter>
    </Text>
  </ItemGroup>
  <ItemGroup>
    <ClCompile Include="Base\sha1.cpp">
      <Filter>Base</Filter>
    </ClCompile>
    <ClCompile Include="XDeltaEncoder.cpp">
      <Filter>소스 파일</Filter>
    </ClCompile>
    <ClCompile Include="XDeltaDecoder.cpp">
      <Filter>소스 파일</Filter>
    </ClCompile>
    <ClCompile Include="XDeltaFolder.cpp">
      <Filter>소스 파일</Filter>
    </ClCompile>
    <ClCompile Include="PatchUtils.cpp">
      <Filter>소스 파일</Filter>
    </ClCompile>
    <ClCompile Include="PatchPackage.cpp">
      <Filter>소스 파일</Filter>
    </ClCompile>
    <ClCompile Include="RDFAction.cpp">
      <Filter>소스 파일</Filter>
    </ClCompile>
    <ClCompile Include="FileInfoReader.cpp">
      <Filter>소스 파일</Filter>
    </ClCompile>
    <ClCompile Include="TextTokenParser.cpp">
      <Filter>소스 파일</Filter>
    </ClCompile>
    <ClCompile Include="PatchUnPack.cpp">
      <Filter>소스 파일</Filter>
    </ClCompile>
    <ClCompile Include="PatchHashChecker.cpp">
      <Filter>소스 파일</Filter>
    </ClCompile>
    <ClCompile Include="ZipFolderTreeBuilder.cpp">
      <Filter>소스 파일</Filter>
    </ClCompile>
    <ClCompile Include="FileDescriptor.cpp">
      <Filter>소스 파일</Filter>
    </ClCompile>
  </ItemGroup>
  <ItemGroup>
    <ClInclude Include="Base\sha1.h">
      <Filter>Base</Filter>
    </ClInclude>
    <ClInclude Include="XDeltaEncoder.h">
      <Filter>헤더 파일</Filter>
    </ClInclude>
    <ClInclude Include="XDeltaDecoder.h">
      <Filter>헤더 파일</Filter>
    </ClInclude>
    <ClInclude Include="XDeltaFolder.h">
      <Filter>헤더 파일</Filter>
    </ClInclude>
    <ClInclude Include="PatchUtils.h">
      <Filter>헤더 파일</Filter>
    </ClInclude>
    <ClInclude Include="PatchPackage.h">
      <Filter>헤더 파일</Filter>
    </ClInclude>
    <ClInclude Include="RDFAction.h">
      <Filter>헤더 파일</Filter>
    </ClInclude>
    <ClInclude Include="FileInfoReader.h">
      <Filter>헤더 파일</Filter>
    </ClInclude>
    <ClInclude Include="TextTokenParser.h">
      <Filter>헤더 파일</Filter>
    </ClInclude>
    <ClInclude Include="PatchUnPack.h">
      <Filter>헤더 파일</Filter>
    </ClInclude>
    <ClInclude Include="Delegate\allocator.hpp">
      <Filter>Delegate</Filter>
    </ClInclude>
    <ClInclude Include="Delegate\bindtmpl.hpp">
      <Filter>Delegate</Filter>
    </ClInclude>
    <ClInclude Include="Delegate\config.hpp">
      <Filter>Delegate</Filter>
    </ClInclude>
    <ClInclude Include="Delegate\delegate.h">
      <Filter>Delegate</Filter>
    </ClInclude>
    <ClInclude Include="Delegate\delegatetmpl.h">
      <Filter>Delegate</Filter>
    </ClInclude>
    <ClInclude Include="Delegate\delegatetmpl.hpp">
      <Filter>Delegate</Filter>
    </ClInclude>
    <ClInclude Include="Delegate\get_pointer.hpp">
      <Filter>Delegate</Filter>
    </ClInclude>
    <ClInclude Include="Delegate\make_delegatetmpl.hpp">
      <Filter>Delegate</Filter>
    </ClInclude>
    <ClInclude Include="PatchHashChecker.h">
      <Filter>헤더 파일</Filter>
    </ClInclude>
    <ClInclude Include="ZipFolderTreeBuilder.h">
      <Filter>헤더 파일</Filter>
    </ClInclude>
    <ClInclude Include="FileDescriptor.h">
      <Filter>헤더 파일</Filter>
    </ClInclude>
  </ItemGroup>
</Project>